# This file is automatically @generated by Cargo.
# It is not intended for manual editing.
version = 4

[[package]]
name = "librawssg"
version = "0.1.0"

[[package]]
name = "rawssg"
version = "0.1.0"
dependencies = [
 "librawssg",
 "rawssg-templates",
 "uirawssg",
]

[[package]]
name = "rawssg-templates"
version = "0.1.0"

[[package]]
name = "uirawssg"
version = "0.1.0"
